// !$*UTF8*$!
{
	archiveVersion = 1;
	classes = {
	};
	objectVersion = 46;
	objects = {

/* Begin PBXBuildFile section */
		3C27045E1C1E8C8A00C17FFA /* AViewController.swift in Sources */ = {isa = PBXBuildFile; fileRef = 3C27045D1C1E8C8A00C17FFA /* AViewController.swift */; };
		3C2704601C1E8D3400C17FFA /* myswift.swift in Sources */ = {isa = PBXBuildFile; fileRef = 3C27045F1C1E8D3400C17FFA /* myswift.swift */; };
		3C6FDBB21C1829B500DF34A5 /* AppDelegate.swift in Sources */ = {isa = PBXBuildFile; fileRef = 3C6FDBB11C1829B500DF34A5 /* AppDelegate.swift */; };
		3C6FDBB41C1829B500DF34A5 /* ViewController.swift in Sources */ = {isa = PBXBuildFile; fileRef = 3C6FDBB31C1829B500DF34A5 /* ViewController.swift */; };
		3C6FDBB71C1829B500DF34A5 /* Main.storyboard in Resources */ = {isa = PBXBuildFile; fileRef = 3C6FDBB51C1829B500DF34A5 /* Main.storyboard */; };
		3C6FDBB91C1829B500DF34A5 /* Assets.xcassets in Resources */ = {isa = PBXBuildFile; fileRef = 3C6FDBB81C1829B500DF34A5 /* Assets.xcassets */; };
		3C6FDBBC1C1829B500DF34A5 /* LaunchScreen.storyboard in Resources */ = {isa = PBXBuildFile; fileRef = 3C6FDBBA1C1829B500DF34A5 /* LaunchScreen.storyboard */; };
		3C6FDBC71C1829B500DF34A5 /* swiftTestTests.swift in Sources */ = {isa = PBXBuildFile; fileRef = 3C6FDBC61C1829B500DF34A5 /* swiftTestTests.swift */; };
		3C6FDBD21C1829B500DF34A5 /* swiftTestUITests.swift in Sources */ = {isa = PBXBuildFile; fileRef = 3C6FDBD11C1829B500DF34A5 /* swiftTestUITests.swift */; };
/* End PBXBuildFile section */

/* Begin PBXContainerItemProxy section */
		3C6FDBC31C1829B500DF34A5 /* PBXContainerItemProxy */ = {
			isa = PBXContainerItemProxy;
			containerPortal = 3C6FDBA61C1829B500DF34A5 /* Project object */;
			proxyType = 1;
			remoteGlobalIDString = 3C6FDBAD1C1829B500DF34A5;
			remoteInfo = swiftTest;
		};
		3C6FDBCE1C1829B500DF34A5 /* PBXContainerItemProxy */ = {
			isa = PBXContainerItemProxy;
			containerPortal = 3C6FDBA61C1829B500DF34A5 /* Project object */;
			proxyType = 1;
			remoteGlobalIDString = 3C6FDBAD1C1829B500DF34A5;
			remoteInfo = swiftTest;
		};
/* End PBXContainerItemProxy section */

/* Begin PBXFileReference section */
		3C27045D1C1E8C8A00C17FFA /* AViewController.swift */ = {isa = PBXFileReference; fileEncoding = 4; lastKnownFileType = sourcecode.swift; path = AViewController.swift; sourceTree = "<group>"; };
		3C27045F1C1E8D3400C17FFA /* myswift.swift */ = {isa = PBXFileReference; fileEncoding = 4; lastKnownFileType = sourcecode.swift; path = myswift.swift; sourceTree = "<group>"; };
		3C6FDBAE1C1829B500DF34A5 /* swiftTest.app */ = {isa = PBXFileReference; explicitFileType = wrapper.application; includeInIndex = 0; path = swiftTest.app; sourceTree = BUILT_PRODUCTS_DIR; };
		3C6FDBB11C1829B500DF34A5 /* AppDelegate.swift */ = {isa = PBXFileReference; lastKnownFileType = sourcecode.swift; path = AppDelegate.swift; sourceTree = "<group>"; };
		3C6FDBB31C1829B500DF34A5 /* ViewController.swift */ = {isa = PBXFileReference; lastKnownFileType = sourcecode.swift; path = ViewController.swift; sourceTree = "<group>"; };
		3C6FDBB61C1829B500DF34A5 /* Base */ = {isa = PBXFileReference; lastKnownFileType = file.storyboard; name = Base; path = Base.lproj/Main.storyboard; sourceTree = "<group>"; };
		3C6FDBB81C1829B500DF34A5 /* Assets.xcassets */ = {isa = PBXFileReference; lastKnownFileType = folder.assetcatalog; path = Assets.xcassets; sourceTree = "<group>"; };
		3C6FDBBB1C1829B500DF34A5 /* Base */ = {isa = PBXFileReference; lastKnownFileType = file.storyboard; name = Base; path = Base.lproj/LaunchScreen.storyboard; sourceTree = "<group>"; };
		3C6FDBBD1C1829B500DF34A5 /* Info.plist */ = {isa = PBXFileReference; lastKnownFileType = text.plist.xml; path = Info.plist; sourceTree = "<group>"; };
		3C6FDBC21C1829B500DF34A5 /* swiftTestTests.xctest */ = {isa = PBXFileReference; explicitFileType = wrapper.cfbundle; includeInIndex = 0; path = swiftTestTests.xctest; sourceTree = BUILT_PRODUCTS_DIR; };
		3C6FDBC61C1829B500DF34A5 /* swiftTestTests.swift */ = {isa = PBXFileReference; lastKnownFileType = sourcecode.swift; path = swiftTestTests.swift; sourceTree = "<group>"; };
		3C6FDBC81C1829B500DF34A5 /* Info.plist */ = {isa = PBXFileReference; lastKnownFileType = text.plist.xml; path = Info.plist; sourceTree = "<group>"; };
		3C6FDBCD1C1829B500DF34A5 /* swiftTestUITests.xctest */ = {isa = PBXFileReference; explicitFileType = wrapper.cfbundle; includeInIndex = 0; path = swiftTestUITests.xctest; sourceTree = BUILT_PRODUCTS_DIR; };
		3C6FDBD11C1829B500DF34A5 /* swiftTestUITests.swift */ = {isa = PBXFileReference; lastKnownFileType = sourcecode.swift; path = swiftTestUITests.swift; sourceTree = "<group>"; };
		3C6FDBD31C1829B600DF34A5 /* Info.plist */ = {isa = PBXFileReference; lastKnownFileType = text.plist.xml; path = Info.plist; sourceTree = "<group>"; };
/* End PBXFileReference section */

/* Begin PBXFrameworksBuildPhase section */
		3C6FDBAB1C1829B500DF34A5 /* Frameworks */ = {
			isa = PBXFrameworksBuildPhase;
			buildActionMask = 2147483647;
			files = (
			);
			runOnlyForDeploymentPostprocessing = 0;
		};
		3C6FDBBF1C1829B500DF34A5 /* Frameworks */ = {
			isa = PBXFrameworksBuildPhase;
			buildActionMask = 2147483647;
			files = (
			);
			runOnlyForDeploymentPostprocessing = 0;
		};
		3C6FDBCA1C1829B500DF34A5 /* Frameworks */ = {
			isa = PBXFrameworksBuildPhase;
			buildActionMask = 2147483647;
			files = (
			);
			runOnlyForDeploymentPostprocessing = 0;
		};
/* End PBXFrameworksBuildPhase section */

/* Begin PBXGroup section */
		3C6FDBA51C1829B500DF34A5 = {
			isa = PBXGroup;
			children = (
				3C6FDBB01C1829B500DF34A5 /* swiftTest */,
				3C6FDBC51C1829B500DF34A5 /* swiftTestTests */,
				3C6FDBD01C1829B500DF34A5 /* swiftTestUITests */,
				3C6FDBAF1C1829B500DF34A5 /* Products */,
			);
			sourceTree = "<group>";
		};
		3C6FDBAF1C1829B500DF34A5 /* Products */ = {
			isa = PBXGroup;
			children = (
				3C6FDBAE1C1829B500DF34A5 /* swiftTest.app */,
				3C6FDBC21C1829B500DF34A5 /* swiftTestTests.xctest */,
				3C6FDBCD1C1829B500DF34A5 /* swiftTestUITests.xctest */,
			);
			name = Products;
			sourceTree = "<group>";
		};
		3C6FDBB01C1829B500DF34A5 /* swiftTest */ = {
			isa = PBXGroup;
			children = (
				3C6FDBB11C1829B500DF34A5 /* AppDelegate.swift */,
				3C6FDBB31C1829B500DF34A5 /* ViewController.swift */,
				3C27045D1C1E8C8A00C17FFA /* AViewController.swift */,
				3C27045F1C1E8D3400C17FFA /* myswift.swift */,
				3C6FDBB51C1829B500DF34A5 /* Main.storyboard */,
				3C6FDBB81C1829B500DF34A5 /* Assets.xcassets */,
				3C6FDBBA1C1829B500DF34A5 /* LaunchScreen.storyboard */,
				3C6FDBBD1C1829B500DF34A5 /* Info.plist */,
			);
			path = swiftTest;
			sourceTree = "<group>";
		};
		3C6FDBC51C1829B500DF34A5 /* swiftTestTests */ = {
			isa = PBXGroup;
			children = (
				3C6FDBC61C1829B500DF34A5 /* swiftTestTests.swift */,
				3C6FDBC81C1829B500DF34A5 /* Info.plist */,
			);
			path = swiftTestTests;
			sourceTree = "<group>";
		};
		3C6FDBD01C1829B500DF34A5 /* swiftTestUITests */ = {
			isa = PBXGroup;
			children = (
				3C6FDBD11C1829B500DF34A5 /* swiftTestUITests.swift */,
				3C6FDBD31C1829B600DF34A5 /* Info.plist */,
			);
			path = swiftTestUITests;
			sourceTree = "<group>";
		};
/* End PBXGroup section */

/* Begin PBXNativeTarget section */
		3C6FDBAD1C1829B500DF34A5 /* swiftTest */ = {
			isa = PBXNativeTarget;
			buildConfigurationList = 3C6FDBD61C1829B600DF34A5 /* Build configuration list for PBXNativeTarget "swiftTest" */;
			buildPhases = (
				3C6FDBAA1C1829B500DF34A5 /* Sources */,
				3C6FDBAB1C1829B500DF34A5 /* Frameworks */,
				3C6FDBAC1C1829B500DF34A5 /* Resources */,
			);
			buildRules = (
			);
			dependencies = (
			);
			name = swiftTest;
			productName = swiftTest;
			productReference = 3C6FDBAE1C1829B500DF34A5 /* swiftTest.app */;
			productType = "com.apple.product-type.application";
		};
		3C6FDBC11C1829B500DF34A5 /* swiftTestTests */ = {
			isa = PBXNativeTarget;
			buildConfigurationList = 3C6FDBD91C1829B600DF34A5 /* Build configuration list for PBXNativeTarget "swiftTestTests" */;
			buildPhases = (
				3C6FDBBE1C1829B500DF34A5 /* Sources */,
				3C6FDBBF1C1829B500DF34A5 /* Frameworks */,
				3C6FDBC01C1829B500DF34A5 /* Resources */,
			);
			buildRules = (
			);
			dependencies = (
				3C6FDBC41C1829B500DF34A5 /* PBXTargetDependency */,
			);
			name = swiftTestTests;
			productName = swiftTestTests;
			productReference = 3C6FDBC21C1829B500DF34A5 /* swiftTestTests.xctest */;
			productType = "com.apple.product-type.bundle.unit-test";
		};
		3C6FDBCC1C1829B500DF34A5 /* swiftTestUITests */ = {
			isa = PBXNativeTarget;
			buildConfigurationList = 3C6FDBDC1C1829B600DF34A5 /* Build configuration list for PBXNativeTarget "swiftTestUITests" */;
			buildPhases = (
				3C6FDBC91C1829B500DF34A5 /* Sources */,
				3C6FDBCA1C1829B500DF34A5 /* Frameworks */,
				3C6FDBCB1C1829B500DF34A5 /* Resources */,
			);
			buildRules = (
			);
			dependencies = (
				3C6FDBCF1C1829B500DF34A5 /* PBXTargetDependency */,
			);
			name = swiftTestUITests;
			productName = swiftTestUITests;
			productReference = 3C6FDBCD1C1829B500DF34A5 /* swiftTestUITests.xctest */;
			productType = "com.apple.product-type.bundle.ui-testing";
		};
/* End PBXNativeTarget section */

/* Begin PBXProject section */
		3C6FDBA61C1829B500DF34A5 /* Project object */ = {
			isa = PBXProject;
			attributes = {
				LastSwiftUpdateCheck = 0710;
				LastUpgradeCheck = 0710;
				ORGANIZATIONNAME = swiftTest;
				TargetAttributes = {
					3C6FDBAD1C1829B500DF34A5 = {
						CreatedOnToolsVersion = 7.1.1;
					};
					3C6FDBC11C1829B500DF34A5 = {
						CreatedOnToolsVersion = 7.1.1;
						TestTargetID = 3C6FDBAD1C1829B500DF34A5;
					};
					3C6FDBCC1C1829B500DF34A5 = {
						CreatedOnToolsVersion = 7.1.1;
						TestTargetID = 3C6FDBAD1C1829B500DF34A5;
					};
				};
			};
			buildConfigurationList = 3C6FDBA91C1829B500DF34A5 /* Build configuration list for PBXProject "swiftTest" */;
			compatibilityVersion = "Xcode 3.2";
			developmentRegion = English;
			hasScannedForEncodings = 0;
			knownRegions = (
				en,
				Base,
			);
			mainGroup = 3C6FDBA51C1829B500DF34A5;
			productRefGroup = 3C6FDBAF1C1829B500DF34A5 /* Products */;
			projectDirPath = "";
			projectRoot = "";
			targets = (
				3C6FDBAD1C1829B500DF34A5 /* swiftTest */,
				3C6FDBC11C1829B500DF34A5 /* swiftTestTests */,
				3C6FDBCC1C1829B500DF34A5 /* swiftTestUITests */,
			);
		};
/* End PBXProject section */

/* Begin PBXResourcesBuildPhase section */
		3C6FDBAC1C1829B500DF34A5 /* Resources */ = {
			isa = PBXResourcesBuildPhase;
			buildActionMask = 2147483647;
			files = (
				3C6FDBBC1C1829B500DF34A5 /* LaunchScreen.storyboard in Resources */,
				3C6FDBB91C1829B500DF34A5 /* Assets.xcassets in Resources */,
				3C6FDBB71C1829B500DF34A5 /* Main.storyboard in Resources */,
			);
			runOnlyForDeploymentPostprocessing = 0;
		};
		3C6FDBC01C1829B500DF34A5 /* Resources */ = {
			isa = PBXResourcesBuildPhase;
			buildActionMask = 2147483647;
			files = (
			);
			runOnlyForDeploymentPostprocessing = 0;
		};
		3C6FDBCB1C1829B500DF34A5 /* Resources */ = {
			isa = PBXResourcesBuildPhase;
			buildActionMask = 2147483647;
			files = (
			);
			runOnlyForDeploymentPostprocessing = 0;
		};
/* End PBXResourcesBuildPhase section */

/* Begin PBXSourcesBuildPhase section */
		3C6FDBAA1C1829B500DF34A5 /* Sources */ = {
			isa = PBXSourcesBuildPhase;
			buildActionMask = 2147483647;
			files = (
				3C27045E1C1E8C8A00C17FFA /* AViewController.swift in Sources */,
				3C6FDBB41C1829B500DF34A5 /* ViewController.swift in Sources */,
				3C6FDBB21C1829B500DF34A5 /* AppDelegate.swift in Sources */,
				3C2704601C1E8D3400C17FFA /* myswift.swift in Sources */,
			);
			runOnlyForDeploymentPostprocessing = 0;
		};
		3C6FDBBE1C1829B500DF34A5 /* Sources */ = {
			isa = PBXSourcesBuildPhase;
			buildActionMask = 2147483647;
			files = (
				3C6FDBC71C1829B500DF34A5 /* swiftTestTests.swift in Sources */,
			);
			runOnlyForDeploymentPostprocessing = 0;
		};
		3C6FDBC91C1829B500DF34A5 /* Sources */ = {
			isa = PBXSourcesBuildPhase;
			buildActionMask = 2147483647;
			files = (
				3C6FDBD21C1829B500DF34A5 /* swiftTestUITests.swift in Sources */,
			);
			runOnlyForDeploymentPostprocessing = 0;
		};
/* End PBXSourcesBuildPhase section */

/* Begin PBXTargetDependency section */
		3C6FDBC41C1829B500DF34A5 /* PBXTargetDependency */ = {
			isa = PBXTargetDependency;
			target = 3C6FDBAD1C1829B500DF34A5 /* swiftTest */;
			targetProxy = 3C6FDBC31C1829B500DF34A5 /* PBXContainerItemProxy */;
		};
		3C6FDBCF1C1829B500DF34A5 /* PBXTargetDependency */ = {
			isa = PBXTargetDependency;
			target = 3C6FDBAD1C1829B500DF34A5 /* swiftTest */;
			targetProxy = 3C6FDBCE1C1829B500DF34A5 /* PBXContainerItemProxy */;
		};
/* End PBXTargetDependency section */

/* Begin PBXVariantGroup section */
		3C6FDBB51C1829B500DF34A5 /* Main.storyboard */ = {
			isa = PBXVariantGroup;
			children = (
				3C6FDBB61C1829B500DF34A5 /* Base */,
			);
			name = Main.storyboard;
			sourceTree = "<group>";
		};
		3C6FDBBA1C1829B500DF34A5 /* LaunchScreen.storyboard */ = {
			isa = PBXVariantGroup;
			children = (
				3C6FDBBB1C1829B500DF34A5 /* Base */,
			);
			name = LaunchScreen.storyboard;
			sourceTree = "<group>";
		};
/* End PBXVariantGroup section */

/* Begin XCBuildConfiguration section */
		3C6FDBD41C1829B600DF34A5 /* Debug */ = {
			isa = XCBuildConfiguration;
			buildSettings = {
				ALWAYS_SEARCH_USER_PATHS = NO;
				CLANG_CXX_LANGUAGE_STANDARD = "gnu++0x";
				CLANG_CXX_LIBRARY = "libc++";
				CLANG_ENABLE_MODULES = YES;
				CLANG_ENABLE_OBJC_ARC = YES;
				CLANG_WARN_BOOL_CONVERSION = YES;
				CLANG_WARN_CONSTANT_CONVERSION = YES;
				CLANG_WARN_DIRECT_OBJC_ISA_USAGE = YES_ERROR;
				CLANG_WARN_EMPTY_BODY = YES;
				CLANG_WARN_ENUM_CONVERSION = YES;
				CLANG_WARN_INT_CONVERSION = YES;
				CLANG_WARN_OBJC_ROOT_CLASS = YES_ERROR;
				CLANG_WARN_UNREACHABLE_CODE = YES;
				CLANG_WARN__DUPLICATE_METHOD_MATCH = YES;
				"CODE_SIGN_IDENTITY[sdk=iphoneos*]" = "iPhone Developer";
				COPY_PHASE_STRIP = NO;
				DEBUG_INFORMATION_FORMAT = dwarf;
				ENABLE_STRICT_OBJC_MSGSEND = YES;
				ENABLE_TESTABILITY = YES;
				GCC_C_LANGUAGE_STANDARD = gnu99;
				GCC_DYNAMIC_NO_PIC = NO;
				GCC_NO_COMMON_BLOCKS = YES;
				GCC_OPTIMIZATION_LEVEL = 0;
				GCC_PREPROCESSOR_DEFINITIONS = (
					"DEBUG=1",
					"$(inherited)",
				);
				GCC_WARN_64_TO_32_BIT_CONVERSION = YES;
				GCC_WARN_ABOUT_RETURN_TYPE = YES_ERROR;
				GCC_WARN_UNDECLARED_SELECTOR = YES;
				GCC_WARN_UNINITIALIZED_AUTOS = YES_AGGRESSIVE;
				GCC_WARN_UNUSED_FUNCTION = YES;
				GCC_WARN_UNUSED_VARIABLE = YES;
				IPHONEOS_DEPLOYMENT_TARGET = 9.1;
				MTL_ENABLE_DEBUG_INFO = YES;
				ONLY_ACTIVE_ARCH = YES;
				SDKROOT = iphoneos;
				SWIFT_OPTIMIZATION_LEVEL = "-Onone";
			};
			name = Debug;
		};
		3C6FDBD51C1829B600DF34A5 /* Release */ = {
			isa = XCBuildConfiguration;
			buildSettings = {
				ALWAYS_SEARCH_USER_PATHS = NO;
				CLANG_CXX_LANGUAGE_STANDARD = "gnu++0x";
				CLANG_CXX_LIBRARY = "libc++";
				CLANG_ENABLE_MODULES = YES;
				CLANG_ENABLE_OBJC_ARC = YES;
				CLANG_WARN_BOOL_CONVERSION = YES;
				CLANG_WARN_CONSTANT_CONVERSION = YES;
				CLANG_WARN_DIRECT_OBJC_ISA_USAGE = YES_ERROR;
				CLANG_WARN_EMPTY_BODY = YES;
				CLANG_WARN_ENUM_CONVERSION = YES;
				CLANG_WARN_INT_CONVERSION = YES;
				CLANG_WARN_OBJC_ROOT_CLASS = YES_ERROR;
				CLANG_WARN_UNREACHABLE_CODE = YES;
				CLANG_WARN__DUPLICATE_METHOD_MATCH = YES;
				"CODE_SIGN_IDENTITY[sdk=iphoneos*]" = "iPhone Developer";
				COPY_PHASE_STRIP = NO;
				DEBUG_INFORMATION_FORMAT = "dwarf-with-dsym";
				ENABLE_NS_ASSERTIONS = NO;
				ENABLE_STRICT_OBJC_MSGSEND = YES;
				GCC_C_LANGUAGE_STANDARD = gnu99;
				GCC_NO_COMMON_BLOCKS = YES;
				GCC_WARN_64_TO_32_BIT_CONVERSION = YES;
				GCC_WARN_ABOUT_RETURN_TYPE = YES_ERROR;
				GCC_WARN_UNDECLARED_SELECTOR = YES;
				GCC_WARN_UNINITIALIZED_AUTOS = YES_AGGRESSIVE;
				GCC_WARN_UNUSED_FUNCTION = YES;
				GCC_WARN_UNUSED_VARIABLE = YES;
				IPHONEOS_DEPLOYMENT_TARGET = 9.1;
				MTL_ENABLE_DEBUG_INFO = NO;
				SDKROOT = iphoneos;
				VALIDATE_PRODUCT = YES;
			};
			name = Release;
		};
		3C6FDBD71C1829B600DF34A5 /* Debug */ = {
			isa = XCBuildConfiguration;
			buildSettings = {
				ASSETCATALOG_COMPILER_APPICON_NAME = AppIcon;
				INFOPLIST_FILE = swiftTest/Info.plist;
				LD_RUNPATH_SEARCH_PATHS = "$(inherited) @executable_path/Frameworks";
				PRODUCT_BUNDLE_IDENTIFIER = swiftTest.swiftTest;
				PRODUCT_NAME = "$(TARGET_NAME)";
			};
			name = Debug;
		};
		3C6FDBD81C1829B600DF34A5 /* Release */ = {
			isa = XCBuildConfiguration;
			buildSettings = {
				ASSETCATALOG_COMPILER_APPICON_NAME = AppIcon;
				INFOPLIST_FILE = swiftTest/Info.plist;
				LD_RUNPATH_SEARCH_PATHS = "$(inherited) @executable_path/Frameworks";
				PRODUCT_BUNDLE_IDENTIFIER = swiftTest.swiftTest;
				PRODUCT_NAME = "$(TARGET_NAME)";
			};
			name = Release;
		};
		3C6FDBDA1C1829B600DF34A5 /* Debug */ = {
			isa = XCBuildConfiguration;
			buildSettings = {
				BUNDLE_LOADER = "$(TEST_HOST)";
				INFOPLIST_FILE = swiftTestTests/Info.plist;
				LD_RUNPATH_SEARCH_PATHS = "$(inherited) @executable_path/Frameworks @loader_path/Frameworks";
				PRODUCT_BUNDLE_IDENTIFIER = swiftTest.swiftTestTests;
				PRODUCT_NAME = "$(TARGET_NAME)";
				TEST_HOST = "$(BUILT_PRODUCTS_DIR)/swiftTest.app/swiftTest";
			};
			name = Debug;
		};
		3C6FDBDB1C1829B600DF34A5 /* Release */ = {
			isa = XCBuildConfiguration;
			buildSettings = {
				BUNDLE_LOADER = "$(TEST_HOST)";
				INFOPLIST_FILE = swiftTestTests/Info.plist;
				LD_RUNPATH_SEARCH_PATHS = "$(inherited) @executable_path/Frameworks @loader_path/Frameworks";
				PRODUCT_BUNDLE_IDENTIFIER = swiftTest.swiftTestTests;
				PRODUCT_NAME = "$(TARGET_NAME)";
				TEST_HOST = "$(BUILT_PRODUCTS_DIR)/swiftTest.app/swiftTest";
			};
			name = Release;
		};
		3C6FDBDD1C1829B600DF34A5 /* Debug */ = {
			isa = XCBuildConfiguration;
			buildSettings = {
				INFOPLIST_FILE = swiftTestUITests/Info.plist;
				LD_RUNPATH_SEARCH_PATHS = "$(inherited) @executable_path/Frameworks @loader_path/Frameworks";
				PRODUCT_BUNDLE_IDENTIFIER = swiftTest.swiftTestUITests;
				PRODUCT_NAME = "$(TARGET_NAME)";
				TEST_TARGET_NAME = swiftTest;
				USES_XCTRUNNER = YES;
			};
			name = Debug;
		};
		3C6FDBDE1C1829B600DF34A5 /* Release */ = {
			isa = XCBuildConfiguration;
			buildSettings = {
				INFOPLIST_FILE = swiftTestUITests/Info.plist;
				LD_RUNPATH_SEARCH_PATHS = "$(inherited) @executable_path/Frameworks @loader_path/Frameworks";
				PRODUCT_BUNDLE_IDENTIFIER = swiftTest.swiftTestUITests;
				PRODUCT_NAME = "$(TARGET_NAME)";
				TEST_TARGET_NAME = swiftTest;
				USES_XCTRUNNER = YES;
			};
			name = Release;
		};
/* End XCBuildConfiguration section */

/* Begin XCConfigurationList section */
		3C6FDBA91C1829B500DF34A5 /* Build configuration list for PBXProject "swiftTest" */ = {
			isa = XCConfigurationList;
			buildConfigurations = (
				3C6FDBD41C1829B600DF34A5 /* Debug */,
				3C6FDBD51C1829B600DF34A5 /* Release */,
			);
			defaultConfigurationIsVisible = 0;
			defaultConfigurationName = Release;
		};
		3C6FDBD61C1829B600DF34A5 /* Build configuration list for PBXNativeTarget "swiftTest" */ = {
			isa = XCConfigurationList;
			buildConfigurations = (
				3C6FDBD71C1829B600DF34A5 /* Debug */,
				3C6FDBD81C1829B600DF34A5 /* Release */,
			);
			defaultConfigurationIsVisible = 0;
			defaultConfigurationName = Release;
		};
		3C6FDBD91C1829B600DF34A5 /* Build configuration list for PBXNativeTarget "swiftTestTests" */ = {
			isa = XCConfigurationList;
			buildConfigurations = (
				3C6FDBDA1C1829B600DF34A5 /* Debug */,
				3C6FDBDB1C1829B600DF34A5 /* Release */,
			);
			defaultConfigurationIsVisible = 0;
			defaultConfigurationName = Release;
		};
		3C6FDBDC1C1829B600DF34A5 /* Build configuration list for PBXNativeTarget "swiftTestUITests" */ = {
			isa = XCConfigurationList;
			buildConfigurations = (
				3C6FDBDD1C1829B600DF34A5 /* Debug */,
				3C6FDBDE1C1829B600DF34A5 /* Release */,
			);
			defaultConfigurationIsVisible = 0;
			defaultConfigurationName = Release;
		};
/* End XCConfigurationList section */
	};
	rootObject = 3C6FDBA61C1829B500DF34A5 /* Project object */;
}
